
Microsoft Visual Studio Solution File, Format Version 12.00
# Visual Studio 15
VisualStudioVersion = 15.0.26730.8
MinimumVisualStudioVersion = 10.0.40219.1
Project("{9A19103F-16F7-4668-BE54-9A1E7A4F7556}") = "CrossStitch.Core", "Src\CrossStitch.Core\CrossStitch.Core.csproj", "{A9A30EDF-7047-4D0F-A756-816EB85D0384}"
EndProject
Project("{2150E333-8FDC-42A3-9474-1A3956D46DE8}") = "Plugins", "Plugins", "{D3382E8E-25E0-43E1-BF41-9AE916E10A10}"
EndProject
Project("{9A19103F-16F7-4668-BE54-9A1E7A4F7556}") = "CrossStitch.Http.NancyFx", "Src\CrossStitch.Http.Nancy\CrossStitch.Http.NancyFx.csproj", "{1ABDC1B3-7213-44A7-A4AE-0AB40606C827}"
EndProject
Project("{9A19103F-16F7-4668-BE54-9A1E7A4F7556}") = "CrossStitch.Backplane.Zyre", "Src\CrossStitch.Backplane.Zyre\CrossStitch.Backplane.Zyre.csproj", "{4FCBE339-B357-4F32-937D-4AB1D1196B67}"
EndProject
Project("{2150E333-8FDC-42A3-9474-1A3956D46DE8}") = "Solution Items", "Solution Items", "{BD2CE792-ED97-433E-80D7-C1D90B708AEE}"
	ProjectSection(SolutionItems) = preProject
		README.md = README.md
		TODO.txt = TODO.txt
	EndProjectSection
EndProject
Project("{2150E333-8FDC-42A3-9474-1A3956D46DE8}") = "Tests", "Tests", "{90BBD862-7C6A-4F2D-B028-4AFA5B52D490}"
	ProjectSection(SolutionItems) = preProject
		Tests\README.md = Tests\README.md
	EndProjectSection
EndProject
Project("{FAE04EC0-301F-11D3-BF4B-00C04F79EFBC}") = "CrossStitch.Core.Tests", "Src\CrossStitch.Core.Tests\CrossStitch.Core.Tests.csproj", "{B948FD42-51B2-4700-B785-FEBDED260848}"
EndProject
Project("{FAE04EC0-301F-11D3-BF4B-00C04F79EFBC}") = "CrossStitch.Stitch.Tests", "Src\CrossStitch.Stitch.Tests\CrossStitch.Stitch.Tests.csproj", "{15B56932-9606-41D4-BF7A-8638FD40904B}"
EndProject
Project("{2150E333-8FDC-42A3-9474-1A3956D46DE8}") = "ClusterTest", "ClusterTest", "{5A83AEED-DC87-4E40-91A1-93F29F442278}"
EndProject
Project("{FAE04EC0-301F-11D3-BF4B-00C04F79EFBC}") = "ClusterTest.Master", "Tests\ClusterTest\ClusterTest.Master\ClusterTest.Master.csproj", "{BCD0EBEB-A3D7-40F7-BF8A-4CE23F844397}"
EndProject
Project("{FAE04EC0-301F-11D3-BF4B-00C04F79EFBC}") = "ClusterTest.Client", "Tests\ClusterTest\ClusterTest.Client\ClusterTest.Client.csproj", "{4567B48F-F5F9-49D2-AB06-9C43D0DC7B06}"
EndProject
Project("{2150E333-8FDC-42A3-9474-1A3956D46DE8}") = "StitchStart", "StitchStart", "{F9726972-F257-4C9A-BCA5-145726867E1A}"
EndProject
Project("{FAE04EC0-301F-11D3-BF4B-00C04F79EFBC}") = "StitchStart.Client", "Tests\StitchStart\StitchStart.Client\StitchStart.Client.csproj", "{CE85AB31-310A-4A64-B433-7FD1732914D4}"
EndProject
Project("{FAE04EC0-301F-11D3-BF4B-00C04F79EFBC}") = "StitchStart.Server", "Tests\StitchStart\StitchStart.Server\StitchStart.Server.csproj", "{722C8DDF-6F4B-4320-A927-19C9E6224361}"
EndProject
Project("{2150E333-8FDC-42A3-9474-1A3956D46DE8}") = "HttpTest", "HttpTest", "{700E4D25-B6BE-4011-9A48-6B9FF76D4694}"
EndProject
Project("{9A19103F-16F7-4668-BE54-9A1E7A4F7556}") = "HttpTest.Server", "Tests\HttpTest\HttpTest.Server\HttpTest.Server.csproj", "{7CB85F13-7FC1-40BC-881F-5220DE6069EC}"
EndProject
Project("{FAE04EC0-301F-11D3-BF4B-00C04F79EFBC}") = "HttpTest.Stitch", "Tests\HttpTest\HttpTest.Stitch\HttpTest.Stitch.csproj", "{5E546ED6-1BB4-476F-9A51-AF26910C6AA2}"
EndProject
Project("{2150E333-8FDC-42A3-9474-1A3956D46DE8}") = "PingPong", "PingPong", "{0FEE5375-57B2-4D8C-849E-665F2B3A5CCE}"
EndProject
Project("{FAE04EC0-301F-11D3-BF4B-00C04F79EFBC}") = "PingPong.Server", "Tests\PingPong\PingPong.Server\PingPong.Server.csproj", "{E17271EF-8229-4129-9F7F-009258C29AA2}"
EndProject
Project("{FAE04EC0-301F-11D3-BF4B-00C04F79EFBC}") = "PingPong.Ping", "Tests\PingPong\PingPong.Ping\PingPong.Ping.csproj", "{BB150058-BCB2-462B-8858-3556BE6E36FC}"
EndProject
Project("{FAE04EC0-301F-11D3-BF4B-00C04F79EFBC}") = "PingPong.Pong", "Tests\PingPong\PingPong.Pong\PingPong.Pong.csproj", "{0D51F9AA-78D1-4893-A877-EB3ADDB0B716}"
EndProject
Project("{2150E333-8FDC-42A3-9474-1A3956D46DE8}") = "PenPal", "PenPal", "{8C035992-27DC-4721-BB93-7437754B306E}"
EndProject
Project("{FAE04EC0-301F-11D3-BF4B-00C04F79EFBC}") = "PenPal.ServerA", "Tests\PenPal\PenPal.ServerA\PenPal.ServerA.csproj", "{CEE49756-3D0D-4318-BCDA-C90D7E24CB6A}"
EndProject
Project("{FAE04EC0-301F-11D3-BF4B-00C04F79EFBC}") = "PenPal.StitchA", "Tests\PenPal\PenPal.StitchA\PenPal.StitchA.csproj", "{894334A9-61D6-416E-B3F3-DF07FCB7DFA3}"
EndProject
Project("{FAE04EC0-301F-11D3-BF4B-00C04F79EFBC}") = "PenPal.ServerB", "Tests\PenPal\PenPal.ServerB\PenPal.ServerB.csproj", "{F1811501-B917-450F-9F36-7AE83B6C9E87}"
EndProject
Project("{FAE04EC0-301F-11D3-BF4B-00C04F79EFBC}") = "PenPal.StitchB", "Tests\PenPal\PenPal.StitchB\PenPal.StitchB.csproj", "{DC9824A2-BF7E-4F76-8F47-73B64990FFBC}"
EndProject
Project("{FAE04EC0-301F-11D3-BF4B-00C04F79EFBC}") = "CrossStitch.Service", "Src\CrossStitch.Service\CrossStitch.Service.csproj", "{E156A692-3BC7-4FA5-9FCD-76B92FC5A739}"
EndProject
Project("{FAE04EC0-301F-11D3-BF4B-00C04F79EFBC}") = "JsStitch.Core", "Tests\JsStitch\JsStitch.Core\JsStitch.Core.csproj", "{4228C563-0827-40BA-B530-D4A15D7882FA}"
EndProject
Project("{2150E333-8FDC-42A3-9474-1A3956D46DE8}") = "JsStitch", "JsStitch", "{50D0AE07-F880-4CA7-8D62-F263F4274CB8}"
EndProject
Project("{2150E333-8FDC-42A3-9474-1A3956D46DE8}") = "docs", "docs", "{185F6383-3BEF-4BFB-8BDA-68007A4DC580}"
	ProjectSection(SolutionItems) = preProject
		docs\_config.yml = docs\_config.yml
		docs\adaptorprocessv1.md = docs\adaptorprocessv1.md
		docs\contributing.md = docs\contributing.md
		docs\core.md = docs\core.md
		docs\faq.md = docs\faq.md
		docs\index.md = docs\index.md
		docs\moduledata.md = docs\moduledata.md
		docs\modulemaster.md = docs\modulemaster.md
		docs\modules.md = docs\modules.md
		docs\modulestitches.md = docs\modulestitches.md
		docs\stitches.md = docs\stitches.md
	EndProjectSection
EndProject
Project("{2150E333-8FDC-42A3-9474-1A3956D46DE8}") = "StitchIntegration", "StitchIntegration", "{AB1F2C0C-D14C-45B1-AAC7-88163B0F7EA8}"
EndProject
Project("{FAE04EC0-301F-11D3-BF4B-00C04F79EFBC}") = "StitchIntegration.ServerA", "Tests\StitchIntegration\StitchIntegration.ServerA\StitchIntegration.ServerA.csproj", "{F39D2C91-6F8E-409D-BD76-87A62C35BD5A}"
EndProject
Project("{FAE04EC0-301F-11D3-BF4B-00C04F79EFBC}") = "StitchIntegration.ServerB", "Tests\StitchIntegration\StitchIntegration.ServerB\StitchIntegration.ServerB.csproj", "{6EEDE746-2ABE-4EC5-B445-60447A70180D}"
EndProject
Project("{2150E333-8FDC-42A3-9474-1A3956D46DE8}") = "Monitoring", "Monitoring", "{DA168421-54C6-4654-9A7F-958320CAB5AB}"
EndProject
Project("{FAE04EC0-301F-11D3-BF4B-00C04F79EFBC}") = "Monitoring.Server", "Tests\Monitoring.Server\Monitoring.Server.csproj", "{0775CC2B-9FFD-410E-90C1-C4B66B353790}"
EndProject
Project("{9A19103F-16F7-4668-BE54-9A1E7A4F7556}") = "CrossStitch.Stitch", "Src\CrossStitch.Stitch\CrossStitch.Stitch.csproj", "{19DAD234-CD73-42BD-B3F5-8BDABA68FC12}"
EndProject
Global
	GlobalSection(SolutionConfigurationPlatforms) = preSolution
		Debug|Any CPU = Debug|Any CPU
		Release 4.5|Any CPU = Release 4.5|Any CPU
		Release|Any CPU = Release|Any CPU
	EndGlobalSection
	GlobalSection(ProjectConfigurationPlatforms) = postSolution
		{A9A30EDF-7047-4D0F-A756-816EB85D0384}.Debug|Any CPU.ActiveCfg = Debug|Any CPU
		{A9A30EDF-7047-4D0F-A756-816EB85D0384}.Debug|Any CPU.Build.0 = Debug|Any CPU
		{A9A30EDF-7047-4D0F-A756-816EB85D0384}.Release 4.5|Any CPU.ActiveCfg = Release|Any CPU
		{A9A30EDF-7047-4D0F-A756-816EB85D0384}.Release 4.5|Any CPU.Build.0 = Release|Any CPU
		{A9A30EDF-7047-4D0F-A756-816EB85D0384}.Release|Any CPU.ActiveCfg = Release|Any CPU
		{A9A30EDF-7047-4D0F-A756-816EB85D0384}.Release|Any CPU.Build.0 = Release|Any CPU
		{1ABDC1B3-7213-44A7-A4AE-0AB40606C827}.Debug|Any CPU.ActiveCfg = Debug|Any CPU
		{1ABDC1B3-7213-44A7-A4AE-0AB40606C827}.Debug|Any CPU.Build.0 = Debug|Any CPU
		{1ABDC1B3-7213-44A7-A4AE-0AB40606C827}.Release 4.5|Any CPU.ActiveCfg = Release|Any CPU
		{1ABDC1B3-7213-44A7-A4AE-0AB40606C827}.Release 4.5|Any CPU.Build.0 = Release|Any CPU
		{1ABDC1B3-7213-44A7-A4AE-0AB40606C827}.Release|Any CPU.ActiveCfg = Release|Any CPU
		{1ABDC1B3-7213-44A7-A4AE-0AB40606C827}.Release|Any CPU.Build.0 = Release|Any CPU
		{4FCBE339-B357-4F32-937D-4AB1D1196B67}.Debug|Any CPU.ActiveCfg = Debug|Any CPU
		{4FCBE339-B357-4F32-937D-4AB1D1196B67}.Debug|Any CPU.Build.0 = Debug|Any CPU
		{4FCBE339-B357-4F32-937D-4AB1D1196B67}.Release 4.5|Any CPU.ActiveCfg = Release|Any CPU
		{4FCBE339-B357-4F32-937D-4AB1D1196B67}.Release 4.5|Any CPU.Build.0 = Release|Any CPU
		{4FCBE339-B357-4F32-937D-4AB1D1196B67}.Release|Any CPU.ActiveCfg = Release|Any CPU
		{4FCBE339-B357-4F32-937D-4AB1D1196B67}.Release|Any CPU.Build.0 = Release|Any CPU
		{B948FD42-51B2-4700-B785-FEBDED260848}.Debug|Any CPU.ActiveCfg = Debug|Any CPU
		{B948FD42-51B2-4700-B785-FEBDED260848}.Debug|Any CPU.Build.0 = Debug|Any CPU
		{B948FD42-51B2-4700-B785-FEBDED260848}.Release 4.5|Any CPU.ActiveCfg = Release|Any CPU
		{B948FD42-51B2-4700-B785-FEBDED260848}.Release 4.5|Any CPU.Build.0 = Release|Any CPU
		{B948FD42-51B2-4700-B785-FEBDED260848}.Release|Any CPU.ActiveCfg = Release|Any CPU
		{B948FD42-51B2-4700-B785-FEBDED260848}.Release|Any CPU.Build.0 = Release|Any CPU
		{15B56932-9606-41D4-BF7A-8638FD40904B}.Debug|Any CPU.ActiveCfg = Debug|Any CPU
		{15B56932-9606-41D4-BF7A-8638FD40904B}.Debug|Any CPU.Build.0 = Debug|Any CPU
		{15B56932-9606-41D4-BF7A-8638FD40904B}.Release 4.5|Any CPU.ActiveCfg = Release|Any CPU
		{15B56932-9606-41D4-BF7A-8638FD40904B}.Release 4.5|Any CPU.Build.0 = Release|Any CPU
		{15B56932-9606-41D4-BF7A-8638FD40904B}.Release|Any CPU.ActiveCfg = Release|Any CPU
		{15B56932-9606-41D4-BF7A-8638FD40904B}.Release|Any CPU.Build.0 = Release|Any CPU
		{BCD0EBEB-A3D7-40F7-BF8A-4CE23F844397}.Debug|Any CPU.ActiveCfg = Debug|Any CPU
		{BCD0EBEB-A3D7-40F7-BF8A-4CE23F844397}.Debug|Any CPU.Build.0 = Debug|Any CPU
		{BCD0EBEB-A3D7-40F7-BF8A-4CE23F844397}.Release 4.5|Any CPU.ActiveCfg = Release|Any CPU
		{BCD0EBEB-A3D7-40F7-BF8A-4CE23F844397}.Release 4.5|Any CPU.Build.0 = Release|Any CPU
		{BCD0EBEB-A3D7-40F7-BF8A-4CE23F844397}.Release|Any CPU.ActiveCfg = Release|Any CPU
		{BCD0EBEB-A3D7-40F7-BF8A-4CE23F844397}.Release|Any CPU.Build.0 = Release|Any CPU
		{4567B48F-F5F9-49D2-AB06-9C43D0DC7B06}.Debug|Any CPU.ActiveCfg = Debug|Any CPU
		{4567B48F-F5F9-49D2-AB06-9C43D0DC7B06}.Debug|Any CPU.Build.0 = Debug|Any CPU
		{4567B48F-F5F9-49D2-AB06-9C43D0DC7B06}.Release 4.5|Any CPU.ActiveCfg = Release|Any CPU
		{4567B48F-F5F9-49D2-AB06-9C43D0DC7B06}.Release 4.5|Any CPU.Build.0 = Release|Any CPU
		{4567B48F-F5F9-49D2-AB06-9C43D0DC7B06}.Release|Any CPU.ActiveCfg = Release|Any CPU
		{4567B48F-F5F9-49D2-AB06-9C43D0DC7B06}.Release|Any CPU.Build.0 = Release|Any CPU
		{CE85AB31-310A-4A64-B433-7FD1732914D4}.Debug|Any CPU.ActiveCfg = Debug|Any CPU
		{CE85AB31-310A-4A64-B433-7FD1732914D4}.Debug|Any CPU.Build.0 = Debug|Any CPU
		{CE85AB31-310A-4A64-B433-7FD1732914D4}.Release 4.5|Any CPU.ActiveCfg = Release|Any CPU
		{CE85AB31-310A-4A64-B433-7FD1732914D4}.Release 4.5|Any CPU.Build.0 = Release|Any CPU
		{CE85AB31-310A-4A64-B433-7FD1732914D4}.Release|Any CPU.ActiveCfg = Release|Any CPU
		{CE85AB31-310A-4A64-B433-7FD1732914D4}.Release|Any CPU.Build.0 = Release|Any CPU
		{722C8DDF-6F4B-4320-A927-19C9E6224361}.Debug|Any CPU.ActiveCfg = Debug|Any CPU
		{722C8DDF-6F4B-4320-A927-19C9E6224361}.Debug|Any CPU.Build.0 = Debug|Any CPU
		{722C8DDF-6F4B-4320-A927-19C9E6224361}.Release 4.5|Any CPU.ActiveCfg = Release|Any CPU
		{722C8DDF-6F4B-4320-A927-19C9E6224361}.Release 4.5|Any CPU.Build.0 = Release|Any CPU
		{722C8DDF-6F4B-4320-A927-19C9E6224361}.Release|Any CPU.ActiveCfg = Release|Any CPU
		{722C8DDF-6F4B-4320-A927-19C9E6224361}.Release|Any CPU.Build.0 = Release|Any CPU
		{7CB85F13-7FC1-40BC-881F-5220DE6069EC}.Debug|Any CPU.ActiveCfg = Debug|Any CPU
		{7CB85F13-7FC1-40BC-881F-5220DE6069EC}.Debug|Any CPU.Build.0 = Debug|Any CPU
		{7CB85F13-7FC1-40BC-881F-5220DE6069EC}.Release 4.5|Any CPU.ActiveCfg = Release|Any CPU
		{7CB85F13-7FC1-40BC-881F-5220DE6069EC}.Release 4.5|Any CPU.Build.0 = Release|Any CPU
		{7CB85F13-7FC1-40BC-881F-5220DE6069EC}.Release|Any CPU.ActiveCfg = Release|Any CPU
		{7CB85F13-7FC1-40BC-881F-5220DE6069EC}.Release|Any CPU.Build.0 = Release|Any CPU
		{5E546ED6-1BB4-476F-9A51-AF26910C6AA2}.Debug|Any CPU.ActiveCfg = Debug|Any CPU
		{5E546ED6-1BB4-476F-9A51-AF26910C6AA2}.Debug|Any CPU.Build.0 = Debug|Any CPU
		{5E546ED6-1BB4-476F-9A51-AF26910C6AA2}.Release 4.5|Any CPU.ActiveCfg = Release|Any CPU
		{5E546ED6-1BB4-476F-9A51-AF26910C6AA2}.Release 4.5|Any CPU.Build.0 = Release|Any CPU
		{5E546ED6-1BB4-476F-9A51-AF26910C6AA2}.Release|Any CPU.ActiveCfg = Release|Any CPU
		{5E546ED6-1BB4-476F-9A51-AF26910C6AA2}.Release|Any CPU.Build.0 = Release|Any CPU
		{E17271EF-8229-4129-9F7F-009258C29AA2}.Debug|Any CPU.ActiveCfg = Debug|Any CPU
		{E17271EF-8229-4129-9F7F-009258C29AA2}.Debug|Any CPU.Build.0 = Debug|Any CPU
		{E17271EF-8229-4129-9F7F-009258C29AA2}.Release 4.5|Any CPU.ActiveCfg = Release|Any CPU
		{E17271EF-8229-4129-9F7F-009258C29AA2}.Release 4.5|Any CPU.Build.0 = Release|Any CPU
		{E17271EF-8229-4129-9F7F-009258C29AA2}.Release|Any CPU.ActiveCfg = Release|Any CPU
		{E17271EF-8229-4129-9F7F-009258C29AA2}.Release|Any CPU.Build.0 = Release|Any CPU
		{BB150058-BCB2-462B-8858-3556BE6E36FC}.Debug|Any CPU.ActiveCfg = Debug|Any CPU
		{BB150058-BCB2-462B-8858-3556BE6E36FC}.Debug|Any CPU.Build.0 = Debug|Any CPU
		{BB150058-BCB2-462B-8858-3556BE6E36FC}.Release 4.5|Any CPU.ActiveCfg = Release|Any CPU
		{BB150058-BCB2-462B-8858-3556BE6E36FC}.Release 4.5|Any CPU.Build.0 = Release|Any CPU
		{BB150058-BCB2-462B-8858-3556BE6E36FC}.Release|Any CPU.ActiveCfg = Release|Any CPU
		{BB150058-BCB2-462B-8858-3556BE6E36FC}.Release|Any CPU.Build.0 = Release|Any CPU
		{0D51F9AA-78D1-4893-A877-EB3ADDB0B716}.Debug|Any CPU.ActiveCfg = Debug|Any CPU
		{0D51F9AA-78D1-4893-A877-EB3ADDB0B716}.Debug|Any CPU.Build.0 = Debug|Any CPU
		{0D51F9AA-78D1-4893-A877-EB3ADDB0B716}.Release 4.5|Any CPU.ActiveCfg = Release|Any CPU
		{0D51F9AA-78D1-4893-A877-EB3ADDB0B716}.Release 4.5|Any CPU.Build.0 = Release|Any CPU
		{0D51F9AA-78D1-4893-A877-EB3ADDB0B716}.Release|Any CPU.ActiveCfg = Release|Any CPU
		{0D51F9AA-78D1-4893-A877-EB3ADDB0B716}.Release|Any CPU.Build.0 = Release|Any CPU
		{CEE49756-3D0D-4318-BCDA-C90D7E24CB6A}.Debug|Any CPU.ActiveCfg = Debug|Any CPU
		{CEE49756-3D0D-4318-BCDA-C90D7E24CB6A}.Debug|Any CPU.Build.0 = Debug|Any CPU
		{CEE49756-3D0D-4318-BCDA-C90D7E24CB6A}.Release 4.5|Any CPU.ActiveCfg = Release|Any CPU
		{CEE49756-3D0D-4318-BCDA-C90D7E24CB6A}.Release 4.5|Any CPU.Build.0 = Release|Any CPU
		{CEE49756-3D0D-4318-BCDA-C90D7E24CB6A}.Release|Any CPU.ActiveCfg = Release|Any CPU
		{CEE49756-3D0D-4318-BCDA-C90D7E24CB6A}.Release|Any CPU.Build.0 = Release|Any CPU
		{894334A9-61D6-416E-B3F3-DF07FCB7DFA3}.Debug|Any CPU.ActiveCfg = Debug|Any CPU
		{894334A9-61D6-416E-B3F3-DF07FCB7DFA3}.Debug|Any CPU.Build.0 = Debug|Any CPU
		{894334A9-61D6-416E-B3F3-DF07FCB7DFA3}.Release 4.5|Any CPU.ActiveCfg = Release|Any CPU
		{894334A9-61D6-416E-B3F3-DF07FCB7DFA3}.Release 4.5|Any CPU.Build.0 = Release|Any CPU
		{894334A9-61D6-416E-B3F3-DF07FCB7DFA3}.Release|Any CPU.ActiveCfg = Release|Any CPU
		{894334A9-61D6-416E-B3F3-DF07FCB7DFA3}.Release|Any CPU.Build.0 = Release|Any CPU
		{F1811501-B917-450F-9F36-7AE83B6C9E87}.Debug|Any CPU.ActiveCfg = Debug|Any CPU
		{F1811501-B917-450F-9F36-7AE83B6C9E87}.Debug|Any CPU.Build.0 = Debug|Any CPU
		{F1811501-B917-450F-9F36-7AE83B6C9E87}.Release 4.5|Any CPU.ActiveCfg = Release|Any CPU
		{F1811501-B917-450F-9F36-7AE83B6C9E87}.Release 4.5|Any CPU.Build.0 = Release|Any CPU
		{F1811501-B917-450F-9F36-7AE83B6C9E87}.Release|Any CPU.ActiveCfg = Release|Any CPU
		{F1811501-B917-450F-9F36-7AE83B6C9E87}.Release|Any CPU.Build.0 = Release|Any CPU
		{DC9824A2-BF7E-4F76-8F47-73B64990FFBC}.Debug|Any CPU.ActiveCfg = Debug|Any CPU
		{DC9824A2-BF7E-4F76-8F47-73B64990FFBC}.Debug|Any CPU.Build.0 = Debug|Any CPU
		{DC9824A2-BF7E-4F76-8F47-73B64990FFBC}.Release 4.5|Any CPU.ActiveCfg = Release|Any CPU
		{DC9824A2-BF7E-4F76-8F47-73B64990FFBC}.Release 4.5|Any CPU.Build.0 = Release|Any CPU
		{DC9824A2-BF7E-4F76-8F47-73B64990FFBC}.Release|Any CPU.ActiveCfg = Release|Any CPU
		{DC9824A2-BF7E-4F76-8F47-73B64990FFBC}.Release|Any CPU.Build.0 = Release|Any CPU
		{E156A692-3BC7-4FA5-9FCD-76B92FC5A739}.Debug|Any CPU.ActiveCfg = Debug|Any CPU
		{E156A692-3BC7-4FA5-9FCD-76B92FC5A739}.Debug|Any CPU.Build.0 = Debug|Any CPU
		{E156A692-3BC7-4FA5-9FCD-76B92FC5A739}.Release 4.5|Any CPU.ActiveCfg = Release|Any CPU
		{E156A692-3BC7-4FA5-9FCD-76B92FC5A739}.Release 4.5|Any CPU.Build.0 = Release|Any CPU
		{E156A692-3BC7-4FA5-9FCD-76B92FC5A739}.Release|Any CPU.ActiveCfg = Release|Any CPU
		{E156A692-3BC7-4FA5-9FCD-76B92FC5A739}.Release|Any CPU.Build.0 = Release|Any CPU
		{4228C563-0827-40BA-B530-D4A15D7882FA}.Debug|Any CPU.ActiveCfg = Debug|Any CPU
		{4228C563-0827-40BA-B530-D4A15D7882FA}.Debug|Any CPU.Build.0 = Debug|Any CPU
		{4228C563-0827-40BA-B530-D4A15D7882FA}.Release 4.5|Any CPU.ActiveCfg = Release|Any CPU
		{4228C563-0827-40BA-B530-D4A15D7882FA}.Release 4.5|Any CPU.Build.0 = Release|Any CPU
		{4228C563-0827-40BA-B530-D4A15D7882FA}.Release|Any CPU.ActiveCfg = Release|Any CPU
		{4228C563-0827-40BA-B530-D4A15D7882FA}.Release|Any CPU.Build.0 = Release|Any CPU
		{F39D2C91-6F8E-409D-BD76-87A62C35BD5A}.Debug|Any CPU.ActiveCfg = Debug|Any CPU
		{F39D2C91-6F8E-409D-BD76-87A62C35BD5A}.Debug|Any CPU.Build.0 = Debug|Any CPU
		{F39D2C91-6F8E-409D-BD76-87A62C35BD5A}.Release 4.5|Any CPU.ActiveCfg = Release|Any CPU
		{F39D2C91-6F8E-409D-BD76-87A62C35BD5A}.Release 4.5|Any CPU.Build.0 = Release|Any CPU
		{F39D2C91-6F8E-409D-BD76-87A62C35BD5A}.Release|Any CPU.ActiveCfg = Release|Any CPU
		{F39D2C91-6F8E-409D-BD76-87A62C35BD5A}.Release|Any CPU.Build.0 = Release|Any CPU
		{6EEDE746-2ABE-4EC5-B445-60447A70180D}.Debug|Any CPU.ActiveCfg = Debug|Any CPU
		{6EEDE746-2ABE-4EC5-B445-60447A70180D}.Debug|Any CPU.Build.0 = Debug|Any CPU
		{6EEDE746-2ABE-4EC5-B445-60447A70180D}.Release 4.5|Any CPU.ActiveCfg = Release|Any CPU
		{6EEDE746-2ABE-4EC5-B445-60447A70180D}.Release 4.5|Any CPU.Build.0 = Release|Any CPU
		{6EEDE746-2ABE-4EC5-B445-60447A70180D}.Release|Any CPU.ActiveCfg = Release|Any CPU
		{6EEDE746-2ABE-4EC5-B445-60447A70180D}.Release|Any CPU.Build.0 = Release|Any CPU
		{0775CC2B-9FFD-410E-90C1-C4B66B353790}.Debug|Any CPU.ActiveCfg = Debug|Any CPU
		{0775CC2B-9FFD-410E-90C1-C4B66B353790}.Debug|Any CPU.Build.0 = Debug|Any CPU
		{0775CC2B-9FFD-410E-90C1-C4B66B353790}.Release 4.5|Any CPU.ActiveCfg = Release|Any CPU
		{0775CC2B-9FFD-410E-90C1-C4B66B353790}.Release 4.5|Any CPU.Build.0 = Release|Any CPU
		{0775CC2B-9FFD-410E-90C1-C4B66B353790}.Release|Any CPU.ActiveCfg = Release|Any CPU
		{0775CC2B-9FFD-410E-90C1-C4B66B353790}.Release|Any CPU.Build.0 = Release|Any CPU
		{19DAD234-CD73-42BD-B3F5-8BDABA68FC12}.Debug|Any CPU.ActiveCfg = Debug|Any CPU
		{19DAD234-CD73-42BD-B3F5-8BDABA68FC12}.Debug|Any CPU.Build.0 = Debug|Any CPU
		{19DAD234-CD73-42BD-B3F5-8BDABA68FC12}.Release 4.5|Any CPU.ActiveCfg = Release|Any CPU
		{19DAD234-CD73-42BD-B3F5-8BDABA68FC12}.Release 4.5|Any CPU.Build.0 = Release|Any CPU
		{19DAD234-CD73-42BD-B3F5-8BDABA68FC12}.Release|Any CPU.ActiveCfg = Release|Any CPU
		{19DAD234-CD73-42BD-B3F5-8BDABA68FC12}.Release|Any CPU.Build.0 = Release|Any CPU
	EndGlobalSection
	GlobalSection(SolutionProperties) = preSolution
		HideSolutionNode = FALSE
	EndGlobalSection
	GlobalSection(NestedProjects) = preSolution
		{1ABDC1B3-7213-44A7-A4AE-0AB40606C827} = {D3382E8E-25E0-43E1-BF41-9AE916E10A10}
		{4FCBE339-B357-4F32-937D-4AB1D1196B67} = {D3382E8E-25E0-43E1-BF41-9AE916E10A10}
		{B948FD42-51B2-4700-B785-FEBDED260848} = {90BBD862-7C6A-4F2D-B028-4AFA5B52D490}
		{15B56932-9606-41D4-BF7A-8638FD40904B} = {90BBD862-7C6A-4F2D-B028-4AFA5B52D490}
		{5A83AEED-DC87-4E40-91A1-93F29F442278} = {90BBD862-7C6A-4F2D-B028-4AFA5B52D490}
		{BCD0EBEB-A3D7-40F7-BF8A-4CE23F844397} = {5A83AEED-DC87-4E40-91A1-93F29F442278}
		{4567B48F-F5F9-49D2-AB06-9C43D0DC7B06} = {5A83AEED-DC87-4E40-91A1-93F29F442278}
		{F9726972-F257-4C9A-BCA5-145726867E1A} = {90BBD862-7C6A-4F2D-B028-4AFA5B52D490}
		{CE85AB31-310A-4A64-B433-7FD1732914D4} = {F9726972-F257-4C9A-BCA5-145726867E1A}
		{722C8DDF-6F4B-4320-A927-19C9E6224361} = {F9726972-F257-4C9A-BCA5-145726867E1A}
		{700E4D25-B6BE-4011-9A48-6B9FF76D4694} = {90BBD862-7C6A-4F2D-B028-4AFA5B52D490}
		{7CB85F13-7FC1-40BC-881F-5220DE6069EC} = {700E4D25-B6BE-4011-9A48-6B9FF76D4694}
		{5E546ED6-1BB4-476F-9A51-AF26910C6AA2} = {700E4D25-B6BE-4011-9A48-6B9FF76D4694}
		{0FEE5375-57B2-4D8C-849E-665F2B3A5CCE} = {90BBD862-7C6A-4F2D-B028-4AFA5B52D490}
		{E17271EF-8229-4129-9F7F-009258C29AA2} = {0FEE5375-57B2-4D8C-849E-665F2B3A5CCE}
		{BB150058-BCB2-462B-8858-3556BE6E36FC} = {0FEE5375-57B2-4D8C-849E-665F2B3A5CCE}
		{0D51F9AA-78D1-4893-A877-EB3ADDB0B716} = {0FEE5375-57B2-4D8C-849E-665F2B3A5CCE}
		{8C035992-27DC-4721-BB93-7437754B306E} = {90BBD862-7C6A-4F2D-B028-4AFA5B52D490}
		{CEE49756-3D0D-4318-BCDA-C90D7E24CB6A} = {8C035992-27DC-4721-BB93-7437754B306E}
		{894334A9-61D6-416E-B3F3-DF07FCB7DFA3} = {8C035992-27DC-4721-BB93-7437754B306E}
		{F1811501-B917-450F-9F36-7AE83B6C9E87} = {8C035992-27DC-4721-BB93-7437754B306E}
		{DC9824A2-BF7E-4F76-8F47-73B64990FFBC} = {8C035992-27DC-4721-BB93-7437754B306E}
		{4228C563-0827-40BA-B530-D4A15D7882FA} = {50D0AE07-F880-4CA7-8D62-F263F4274CB8}
		{50D0AE07-F880-4CA7-8D62-F263F4274CB8} = {90BBD862-7C6A-4F2D-B028-4AFA5B52D490}
		{AB1F2C0C-D14C-45B1-AAC7-88163B0F7EA8} = {90BBD862-7C6A-4F2D-B028-4AFA5B52D490}
		{F39D2C91-6F8E-409D-BD76-87A62C35BD5A} = {AB1F2C0C-D14C-45B1-AAC7-88163B0F7EA8}
		{6EEDE746-2ABE-4EC5-B445-60447A70180D} = {AB1F2C0C-D14C-45B1-AAC7-88163B0F7EA8}
		{DA168421-54C6-4654-9A7F-958320CAB5AB} = {90BBD862-7C6A-4F2D-B028-4AFA5B52D490}
		{0775CC2B-9FFD-410E-90C1-C4B66B353790} = {DA168421-54C6-4654-9A7F-958320CAB5AB}
	EndGlobalSection
	GlobalSection(ExtensibilityGlobals) = postSolution
		SolutionGuid = {BF01EAF2-EBAB-49B6-AC23-CDA6DCD7C5B8}
	EndGlobalSection
EndGlobal
