
Microsoft Visual Studio Solution File, Format Version 12.00
# Visual Studio 14
VisualStudioVersion = 14.0.25420.1
MinimumVisualStudioVersion = 10.0.40219.1
Project("{FAE04EC0-301F-11D3-BF4B-00C04F79EFBC}") = "CrossStitch.Core", "Src\CrossStitch.Core\CrossStitch.Core.csproj", "{A9A30EDF-7047-4D0F-A756-816EB85D0384}"
EndProject
Project("{2150E333-8FDC-42A3-9474-1A3956D46DE8}") = "Tests", "Tests", "{90BBD862-7C6A-4F2D-B028-4AFA5B52D490}"
EndProject
Project("{FAE04EC0-301F-11D3-BF4B-00C04F79EFBC}") = "ClusterTest.Master", "Tests\ClusterTest.Master\ClusterTest.Master.csproj", "{BCD0EBEB-A3D7-40F7-BF8A-4CE23F844397}"
EndProject
Project("{2150E333-8FDC-42A3-9474-1A3956D46DE8}") = "ClusterTest", "ClusterTest", "{5A83AEED-DC87-4E40-91A1-93F29F442278}"
EndProject
Project("{FAE04EC0-301F-11D3-BF4B-00C04F79EFBC}") = "CrossStitch.Core.Tests", "src\CrossStitch.Core.Tests\CrossStitch.Core.Tests.csproj", "{B948FD42-51B2-4700-B785-FEBDED260848}"
EndProject
Project("{FAE04EC0-301F-11D3-BF4B-00C04F79EFBC}") = "ClusterTest.Client", "Tests\ClusterTest.Client\ClusterTest.Client.csproj", "{4567B48F-F5F9-49D2-AB06-9C43D0DC7B06}"
EndProject
Project("{2150E333-8FDC-42A3-9474-1A3956D46DE8}") = "AppStart", "AppStart", "{F9726972-F257-4C9A-BCA5-145726867E1A}"
EndProject
Project("{FAE04EC0-301F-11D3-BF4B-00C04F79EFBC}") = "CrossStitch.Http.NancyFx", "src\CrossStitch.Http.Nancy\CrossStitch.Http.NancyFx.csproj", "{1ABDC1B3-7213-44A7-A4AE-0AB40606C827}"
EndProject
Project("{2150E333-8FDC-42A3-9474-1A3956D46DE8}") = "HttpTest", "HttpTest", "{700E4D25-B6BE-4011-9A48-6B9FF76D4694}"
EndProject
Project("{FAE04EC0-301F-11D3-BF4B-00C04F79EFBC}") = "HttpTest", "Tests\HttpTest\HttpTest.csproj", "{7CB85F13-7FC1-40BC-881F-5220DE6069EC}"
EndProject
Project("{2150E333-8FDC-42A3-9474-1A3956D46DE8}") = "Solution Items", "Solution Items", "{BD2CE792-ED97-433E-80D7-C1D90B708AEE}"
	ProjectSection(SolutionItems) = preProject
		README.md = README.md
		TODO.txt = TODO.txt
	EndProjectSection
EndProject
Project("{FAE04EC0-301F-11D3-BF4B-00C04F79EFBC}") = "CrossStitch.Stitch", "Src\CrossStitch.Stitch\CrossStitch.Stitch.csproj", "{4BD40E13-2F9A-41C9-AED4-DC160B3D48A6}"
EndProject
Project("{FAE04EC0-301F-11D3-BF4B-00C04F79EFBC}") = "CrossStitch.Stitch.Tests", "Src\CrossStitch.Stitch.Tests\CrossStitch.Stitch.Tests.csproj", "{15B56932-9606-41D4-BF7A-8638FD40904B}"
EndProject
Project("{2150E333-8FDC-42A3-9474-1A3956D46DE8}") = "Plugins", "Plugins", "{D3382E8E-25E0-43E1-BF41-9AE916E10A10}"
EndProject
Global
	GlobalSection(SolutionConfigurationPlatforms) = preSolution
		Debug|Any CPU = Debug|Any CPU
		Release|Any CPU = Release|Any CPU
	EndGlobalSection
	GlobalSection(ProjectConfigurationPlatforms) = postSolution
		{A9A30EDF-7047-4D0F-A756-816EB85D0384}.Debug|Any CPU.ActiveCfg = Debug|Any CPU
		{A9A30EDF-7047-4D0F-A756-816EB85D0384}.Debug|Any CPU.Build.0 = Debug|Any CPU
		{A9A30EDF-7047-4D0F-A756-816EB85D0384}.Release|Any CPU.ActiveCfg = Release|Any CPU
		{A9A30EDF-7047-4D0F-A756-816EB85D0384}.Release|Any CPU.Build.0 = Release|Any CPU
		{BCD0EBEB-A3D7-40F7-BF8A-4CE23F844397}.Debug|Any CPU.ActiveCfg = Debug|Any CPU
		{BCD0EBEB-A3D7-40F7-BF8A-4CE23F844397}.Debug|Any CPU.Build.0 = Debug|Any CPU
		{BCD0EBEB-A3D7-40F7-BF8A-4CE23F844397}.Release|Any CPU.ActiveCfg = Release|Any CPU
		{BCD0EBEB-A3D7-40F7-BF8A-4CE23F844397}.Release|Any CPU.Build.0 = Release|Any CPU
		{B948FD42-51B2-4700-B785-FEBDED260848}.Debug|Any CPU.ActiveCfg = Debug|Any CPU
		{B948FD42-51B2-4700-B785-FEBDED260848}.Debug|Any CPU.Build.0 = Debug|Any CPU
		{B948FD42-51B2-4700-B785-FEBDED260848}.Release|Any CPU.ActiveCfg = Release|Any CPU
		{B948FD42-51B2-4700-B785-FEBDED260848}.Release|Any CPU.Build.0 = Release|Any CPU
		{4567B48F-F5F9-49D2-AB06-9C43D0DC7B06}.Debug|Any CPU.ActiveCfg = Debug|Any CPU
		{4567B48F-F5F9-49D2-AB06-9C43D0DC7B06}.Debug|Any CPU.Build.0 = Debug|Any CPU
		{4567B48F-F5F9-49D2-AB06-9C43D0DC7B06}.Release|Any CPU.ActiveCfg = Release|Any CPU
		{4567B48F-F5F9-49D2-AB06-9C43D0DC7B06}.Release|Any CPU.Build.0 = Release|Any CPU
		{1ABDC1B3-7213-44A7-A4AE-0AB40606C827}.Debug|Any CPU.ActiveCfg = Debug|Any CPU
		{1ABDC1B3-7213-44A7-A4AE-0AB40606C827}.Debug|Any CPU.Build.0 = Debug|Any CPU
		{1ABDC1B3-7213-44A7-A4AE-0AB40606C827}.Release|Any CPU.ActiveCfg = Release|Any CPU
		{1ABDC1B3-7213-44A7-A4AE-0AB40606C827}.Release|Any CPU.Build.0 = Release|Any CPU
		{7CB85F13-7FC1-40BC-881F-5220DE6069EC}.Debug|Any CPU.ActiveCfg = Debug|Any CPU
		{7CB85F13-7FC1-40BC-881F-5220DE6069EC}.Debug|Any CPU.Build.0 = Debug|Any CPU
		{7CB85F13-7FC1-40BC-881F-5220DE6069EC}.Release|Any CPU.ActiveCfg = Release|Any CPU
		{7CB85F13-7FC1-40BC-881F-5220DE6069EC}.Release|Any CPU.Build.0 = Release|Any CPU
		{4BD40E13-2F9A-41C9-AED4-DC160B3D48A6}.Debug|Any CPU.ActiveCfg = Debug|Any CPU
		{4BD40E13-2F9A-41C9-AED4-DC160B3D48A6}.Debug|Any CPU.Build.0 = Debug|Any CPU
		{4BD40E13-2F9A-41C9-AED4-DC160B3D48A6}.Release|Any CPU.ActiveCfg = Release|Any CPU
		{4BD40E13-2F9A-41C9-AED4-DC160B3D48A6}.Release|Any CPU.Build.0 = Release|Any CPU
		{15B56932-9606-41D4-BF7A-8638FD40904B}.Debug|Any CPU.ActiveCfg = Debug|Any CPU
		{15B56932-9606-41D4-BF7A-8638FD40904B}.Debug|Any CPU.Build.0 = Debug|Any CPU
		{15B56932-9606-41D4-BF7A-8638FD40904B}.Release|Any CPU.ActiveCfg = Release|Any CPU
		{15B56932-9606-41D4-BF7A-8638FD40904B}.Release|Any CPU.Build.0 = Release|Any CPU
	EndGlobalSection
	GlobalSection(SolutionProperties) = preSolution
		HideSolutionNode = FALSE
	EndGlobalSection
	GlobalSection(NestedProjects) = preSolution
		{BCD0EBEB-A3D7-40F7-BF8A-4CE23F844397} = {5A83AEED-DC87-4E40-91A1-93F29F442278}
		{5A83AEED-DC87-4E40-91A1-93F29F442278} = {90BBD862-7C6A-4F2D-B028-4AFA5B52D490}
		{B948FD42-51B2-4700-B785-FEBDED260848} = {90BBD862-7C6A-4F2D-B028-4AFA5B52D490}
		{4567B48F-F5F9-49D2-AB06-9C43D0DC7B06} = {5A83AEED-DC87-4E40-91A1-93F29F442278}
		{F9726972-F257-4C9A-BCA5-145726867E1A} = {90BBD862-7C6A-4F2D-B028-4AFA5B52D490}
		{1ABDC1B3-7213-44A7-A4AE-0AB40606C827} = {D3382E8E-25E0-43E1-BF41-9AE916E10A10}
		{700E4D25-B6BE-4011-9A48-6B9FF76D4694} = {90BBD862-7C6A-4F2D-B028-4AFA5B52D490}
		{7CB85F13-7FC1-40BC-881F-5220DE6069EC} = {700E4D25-B6BE-4011-9A48-6B9FF76D4694}
		{15B56932-9606-41D4-BF7A-8638FD40904B} = {90BBD862-7C6A-4F2D-B028-4AFA5B52D490}
	EndGlobalSection
EndGlobal
